
Microsoft Visual Studio Solution File, Format Version 12.00
# Visual Studio Version 17
VisualStudioVersion = 17.0.31919.166
MinimumVisualStudioVersion = 10.0.40219.1
Project("{8BC9CEB8-8B4A-11D0-8D11-00A0C91BC942}") = "Learning C++. Lab 8", "Learning C++. Lab 8\Learning C++. Lab 8.vcxproj", "{CA4DA1DE-E60D-4CDC-9148-E325358FE111}"
EndProject
Global
	GlobalSection(SolutionConfigurationPlatforms) = preSolution
		Debug|x64 = Debug|x64
		Debug|x86 = Debug|x86
		Release|x64 = Release|x64
		Release|x86 = Release|x86
	EndGlobalSection
	GlobalSection(ProjectConfigurationPlatforms) = postSolution
		{CA4DA1DE-E60D-4CDC-9148-E325358FE111}.Debug|x64.ActiveCfg = Debug|x64
		{CA4DA1DE-E60D-4CDC-9148-E325358FE111}.Debug|x64.Build.0 = Debug|x64
		{CA4DA1DE-E60D-4CDC-9148-E325358FE111}.Debug|x86.ActiveCfg = Debug|Win32
		{CA4DA1DE-E60D-4CDC-9148-E325358FE111}.Debug|x86.Build.0 = Debug|Win32
		{CA4DA1DE-E60D-4CDC-9148-E325358FE111}.Release|x64.ActiveCfg = Release|x64
		{CA4DA1DE-E60D-4CDC-9148-E325358FE111}.Release|x64.Build.0 = Release|x64
		{CA4DA1DE-E60D-4CDC-9148-E325358FE111}.Release|x86.ActiveCfg = Release|Win32
		{CA4DA1DE-E60D-4CDC-9148-E325358FE111}.Release|x86.Build.0 = Release|Win32
	EndGlobalSection
	GlobalSection(SolutionProperties) = preSolution
		HideSolutionNode = FALSE
	EndGlobalSection
	GlobalSection(ExtensibilityGlobals) = postSolution
		SolutionGuid = {19B7D10E-339E-492F-B715-3BDF98962AA6}
	EndGlobalSection
EndGlobal
